{
  "name": "@typewriter/view-svelte",
  "version": "0.5.4",
  "lockfileVersion": 1,
  "requires": true,
  "dependencies": {
    "@typewriter/editor": {
      "version": "0.5.2"
    },
    "@typewriter/view": {
      "version": "0.5.4",
      "requires": {
        "@typewriter/editor": "^0.5.2"
      }
    }
  }
}
